
Microsoft Visual Studio Solution File, Format Version 12.00
# Visual Studio Version 17
VisualStudioVersion = 17.0.31912.275
MinimumVisualStudioVersion = 10.0.40219.1
Project("{FAE04EC0-301F-11D3-BF4B-00C04F79EFBC}") = "osulauncher", "osulauncher\osulauncher.csproj", "{8C491798-14E6-4B31-80F3-584C4A606C3C}"
EndProject
Global
	GlobalSection(SolutionConfigurationPlatforms) = preSolution
		Debug|Any CPU = Debug|Any CPU
		Release|Any CPU = Release|Any CPU
	EndGlobalSection
	GlobalSection(ProjectConfigurationPlatforms) = postSolution
		{8C491798-14E6-4B31-80F3-584C4A606C3C}.Debug|Any CPU.ActiveCfg = Debug|Any CPU
		{8C491798-14E6-4B31-80F3-584C4A606C3C}.Debug|Any CPU.Build.0 = Debug|Any CPU
		{8C491798-14E6-4B31-80F3-584C4A606C3C}.Release|Any CPU.ActiveCfg = Release|Any CPU
		{8C491798-14E6-4B31-80F3-584C4A606C3C}.Release|Any CPU.Build.0 = Release|Any CPU
	EndGlobalSection
	GlobalSection(SolutionProperties) = preSolution
		HideSolutionNode = FALSE
	EndGlobalSection
	GlobalSection(ExtensibilityGlobals) = postSolution
		SolutionGuid = {7D82CCEF-7FA0-4059-B34D-A6902D938CA9}
	EndGlobalSection
EndGlobal
